
Microsoft Visual Studio Solution File, Format Version 12.00
# Visual Studio Version 17
VisualStudioVersion = 17.4.33213.308
MinimumVisualStudioVersion = 10.0.40219.1
Project("{FAE04EC0-301F-11D3-BF4B-00C04F79EFBC}") = "Enrollment System", "Enrollment System\Enrollment System.csproj", "{FA585E0E-DFC6-498A-A710-200841A40D36}"
EndProject
Global
	GlobalSection(SolutionConfigurationPlatforms) = preSolution
		Debug|Any CPU = Debug|Any CPU
		Release|Any CPU = Release|Any CPU
	EndGlobalSection
	GlobalSection(ProjectConfigurationPlatforms) = postSolution
		{FA585E0E-DFC6-498A-A710-200841A40D36}.Debug|Any CPU.ActiveCfg = Debug|Any CPU
		{FA585E0E-DFC6-498A-A710-200841A40D36}.Debug|Any CPU.Build.0 = Debug|Any CPU
		{FA585E0E-DFC6-498A-A710-200841A40D36}.Release|Any CPU.ActiveCfg = Release|Any CPU
		{FA585E0E-DFC6-498A-A710-200841A40D36}.Release|Any CPU.Build.0 = Release|Any CPU
	EndGlobalSection
	GlobalSection(SolutionProperties) = preSolution
		HideSolutionNode = FALSE
	EndGlobalSection
	GlobalSection(ExtensibilityGlobals) = postSolution
		SolutionGuid = {56F25480-18B6-45E7-AF26-573748C25672}
	EndGlobalSection
EndGlobal
